
Microsoft Visual Studio Solution File, Format Version 12.00
# Visual Studio Version 17
VisualStudioVersion = 17.0.31903.59
MinimumVisualStudioVersion = 10.0.40219.1
Project("{FAE04EC0-301F-11D3-BF4B-00C04F79EFBC}") = "PhysicsProject.Core", "PhysicsProject.Core\PhysicsProject.Core.csproj", "{20251D6A-5D15-465C-BD8F-45C0721B3098}"
EndProject
Project("{FAE04EC0-301F-11D3-BF4B-00C04F79EFBC}") = "PhysicsProject.Application", "PhysicsProject.Application\PhysicsProject.Application.csproj", "{6A92D529-DAFC-48DE-B953-0D7B2614CDFD}"
EndProject
Project("{FAE04EC0-301F-11D3-BF4B-00C04F79EFBC}") = "PhysicsProject.Infrastructure", "PhysicsProject.Infrastructure\PhysicsProject.Infrastructure.csproj", "{B96743BF-EB1B-4FE3-AA90-C813A86DB1FD}"
EndProject
Project("{FAE04EC0-301F-11D3-BF4B-00C04F79EFBC}") = "PhysicsProject.Api", "PhysicsProject.Api\PhysicsProject.Api.csproj", "{D2511313-B23F-47CB-8054-0230591A877F}"
EndProject
Project("{FAE04EC0-301F-11D3-BF4B-00C04F79EFBC}") = "PhysicsProject.Tests.Core", "PhysicsProject.Tests.Core\PhysicsProject.Tests.Core.csproj", "{BE33F0CF-EB4C-42CB-A867-1581B51B447B}"
EndProject
Global
	GlobalSection(SolutionConfigurationPlatforms) = preSolution
		Debug|Any CPU = Debug|Any CPU
		Debug|x64 = Debug|x64
		Debug|x86 = Debug|x86
		Release|Any CPU = Release|Any CPU
		Release|x64 = Release|x64
		Release|x86 = Release|x86
	EndGlobalSection
	GlobalSection(ProjectConfigurationPlatforms) = postSolution
		{20251D6A-5D15-465C-BD8F-45C0721B3098}.Debug|Any CPU.ActiveCfg = Debug|Any CPU
		{20251D6A-5D15-465C-BD8F-45C0721B3098}.Debug|Any CPU.Build.0 = Debug|Any CPU
		{20251D6A-5D15-465C-BD8F-45C0721B3098}.Debug|x64.ActiveCfg = Debug|Any CPU
		{20251D6A-5D15-465C-BD8F-45C0721B3098}.Debug|x64.Build.0 = Debug|Any CPU
		{20251D6A-5D15-465C-BD8F-45C0721B3098}.Debug|x86.ActiveCfg = Debug|Any CPU
		{20251D6A-5D15-465C-BD8F-45C0721B3098}.Debug|x86.Build.0 = Debug|Any CPU
		{20251D6A-5D15-465C-BD8F-45C0721B3098}.Release|Any CPU.ActiveCfg = Release|Any CPU
		{20251D6A-5D15-465C-BD8F-45C0721B3098}.Release|Any CPU.Build.0 = Release|Any CPU
		{20251D6A-5D15-465C-BD8F-45C0721B3098}.Release|x64.ActiveCfg = Release|Any CPU
		{20251D6A-5D15-465C-BD8F-45C0721B3098}.Release|x64.Build.0 = Release|Any CPU
		{20251D6A-5D15-465C-BD8F-45C0721B3098}.Release|x86.ActiveCfg = Release|Any CPU
		{20251D6A-5D15-465C-BD8F-45C0721B3098}.Release|x86.Build.0 = Release|Any CPU
		{6A92D529-DAFC-48DE-B953-0D7B2614CDFD}.Debug|Any CPU.ActiveCfg = Debug|Any CPU
		{6A92D529-DAFC-48DE-B953-0D7B2614CDFD}.Debug|Any CPU.Build.0 = Debug|Any CPU
		{6A92D529-DAFC-48DE-B953-0D7B2614CDFD}.Debug|x64.ActiveCfg = Debug|Any CPU
		{6A92D529-DAFC-48DE-B953-0D7B2614CDFD}.Debug|x64.Build.0 = Debug|Any CPU
		{6A92D529-DAFC-48DE-B953-0D7B2614CDFD}.Debug|x86.ActiveCfg = Debug|Any CPU
		{6A92D529-DAFC-48DE-B953-0D7B2614CDFD}.Debug|x86.Build.0 = Debug|Any CPU
		{6A92D529-DAFC-48DE-B953-0D7B2614CDFD}.Release|Any CPU.ActiveCfg = Release|Any CPU
		{6A92D529-DAFC-48DE-B953-0D7B2614CDFD}.Release|Any CPU.Build.0 = Release|Any CPU
		{6A92D529-DAFC-48DE-B953-0D7B2614CDFD}.Release|x64.ActiveCfg = Release|Any CPU
		{6A92D529-DAFC-48DE-B953-0D7B2614CDFD}.Release|x64.Build.0 = Release|Any CPU
		{6A92D529-DAFC-48DE-B953-0D7B2614CDFD}.Release|x86.ActiveCfg = Release|Any CPU
		{6A92D529-DAFC-48DE-B953-0D7B2614CDFD}.Release|x86.Build.0 = Release|Any CPU
		{B96743BF-EB1B-4FE3-AA90-C813A86DB1FD}.Debug|Any CPU.ActiveCfg = Debug|Any CPU
		{B96743BF-EB1B-4FE3-AA90-C813A86DB1FD}.Debug|Any CPU.Build.0 = Debug|Any CPU
		{B96743BF-EB1B-4FE3-AA90-C813A86DB1FD}.Debug|x64.ActiveCfg = Debug|Any CPU
		{B96743BF-EB1B-4FE3-AA90-C813A86DB1FD}.Debug|x64.Build.0 = Debug|Any CPU
		{B96743BF-EB1B-4FE3-AA90-C813A86DB1FD}.Debug|x86.ActiveCfg = Debug|Any CPU
		{B96743BF-EB1B-4FE3-AA90-C813A86DB1FD}.Debug|x86.Build.0 = Debug|Any CPU
		{B96743BF-EB1B-4FE3-AA90-C813A86DB1FD}.Release|Any CPU.ActiveCfg = Release|Any CPU
		{B96743BF-EB1B-4FE3-AA90-C813A86DB1FD}.Release|Any CPU.Build.0 = Release|Any CPU
		{B96743BF-EB1B-4FE3-AA90-C813A86DB1FD}.Release|x64.ActiveCfg = Release|Any CPU
		{B96743BF-EB1B-4FE3-AA90-C813A86DB1FD}.Release|x64.Build.0 = Release|Any CPU
		{B96743BF-EB1B-4FE3-AA90-C813A86DB1FD}.Release|x86.ActiveCfg = Release|Any CPU
		{B96743BF-EB1B-4FE3-AA90-C813A86DB1FD}.Release|x86.Build.0 = Release|Any CPU
		{D2511313-B23F-47CB-8054-0230591A877F}.Debug|Any CPU.ActiveCfg = Debug|Any CPU
		{D2511313-B23F-47CB-8054-0230591A877F}.Debug|Any CPU.Build.0 = Debug|Any CPU
		{D2511313-B23F-47CB-8054-0230591A877F}.Debug|x64.ActiveCfg = Debug|Any CPU
		{D2511313-B23F-47CB-8054-0230591A877F}.Debug|x64.Build.0 = Debug|Any CPU
		{D2511313-B23F-47CB-8054-0230591A877F}.Debug|x86.ActiveCfg = Debug|Any CPU
		{D2511313-B23F-47CB-8054-0230591A877F}.Debug|x86.Build.0 = Debug|Any CPU
		{D2511313-B23F-47CB-8054-0230591A877F}.Release|Any CPU.ActiveCfg = Release|Any CPU
		{D2511313-B23F-47CB-8054-0230591A877F}.Release|Any CPU.Build.0 = Release|Any CPU
		{D2511313-B23F-47CB-8054-0230591A877F}.Release|x64.ActiveCfg = Release|Any CPU
		{D2511313-B23F-47CB-8054-0230591A877F}.Release|x64.Build.0 = Release|Any CPU
		{D2511313-B23F-47CB-8054-0230591A877F}.Release|x86.ActiveCfg = Release|Any CPU
		{D2511313-B23F-47CB-8054-0230591A877F}.Release|x86.Build.0 = Release|Any CPU
		{BE33F0CF-EB4C-42CB-A867-1581B51B447B}.Debug|Any CPU.ActiveCfg = Debug|Any CPU
		{BE33F0CF-EB4C-42CB-A867-1581B51B447B}.Debug|Any CPU.Build.0 = Debug|Any CPU
		{BE33F0CF-EB4C-42CB-A867-1581B51B447B}.Debug|x64.ActiveCfg = Debug|Any CPU
		{BE33F0CF-EB4C-42CB-A867-1581B51B447B}.Debug|x64.Build.0 = Debug|Any CPU
		{BE33F0CF-EB4C-42CB-A867-1581B51B447B}.Debug|x86.ActiveCfg = Debug|Any CPU
		{BE33F0CF-EB4C-42CB-A867-1581B51B447B}.Debug|x86.Build.0 = Debug|Any CPU
		{BE33F0CF-EB4C-42CB-A867-1581B51B447B}.Release|Any CPU.ActiveCfg = Release|Any CPU
		{BE33F0CF-EB4C-42CB-A867-1581B51B447B}.Release|Any CPU.Build.0 = Release|Any CPU
		{BE33F0CF-EB4C-42CB-A867-1581B51B447B}.Release|x64.ActiveCfg = Release|Any CPU
		{BE33F0CF-EB4C-42CB-A867-1581B51B447B}.Release|x64.Build.0 = Release|Any CPU
		{BE33F0CF-EB4C-42CB-A867-1581B51B447B}.Release|x86.ActiveCfg = Release|Any CPU
		{BE33F0CF-EB4C-42CB-A867-1581B51B447B}.Release|x86.Build.0 = Release|Any CPU
	EndGlobalSection
	GlobalSection(SolutionProperties) = preSolution
		HideSolutionNode = FALSE
	EndGlobalSection
EndGlobal
